
Microsoft Visual Studio Solution File, Format Version 12.00
# Visual Studio 15
VisualStudioVersion = 15.0.27130.2003
MinimumVisualStudioVersion = 10.0.40219.1
Project("{FAE04EC0-301F-11D3-BF4B-00C04F79EFBC}") = "MSExpenseTracker", "MSExpenseTracker\MSExpenseTracker.csproj", "{DE84F531-1C62-4036-A393-389E54B4157B}"
EndProject
Global
	GlobalSection(SolutionConfigurationPlatforms) = preSolution
		Debug|Any CPU = Debug|Any CPU
		Release|Any CPU = Release|Any CPU
	EndGlobalSection
	GlobalSection(ProjectConfigurationPlatforms) = postSolution
		{DE84F531-1C62-4036-A393-389E54B4157B}.Debug|Any CPU.ActiveCfg = Debug|Any CPU
		{DE84F531-1C62-4036-A393-389E54B4157B}.Debug|Any CPU.Build.0 = Debug|Any CPU
		{DE84F531-1C62-4036-A393-389E54B4157B}.Release|Any CPU.ActiveCfg = Release|Any CPU
		{DE84F531-1C62-4036-A393-389E54B4157B}.Release|Any CPU.Build.0 = Release|Any CPU
	EndGlobalSection
	GlobalSection(SolutionProperties) = preSolution
		HideSolutionNode = FALSE
	EndGlobalSection
	GlobalSection(ExtensibilityGlobals) = postSolution
		SolutionGuid = {D3527A92-8B95-486B-938A-C76F799C6BF1}
	EndGlobalSection
EndGlobal
